
Microsoft Visual Studio Solution File, Format Version 12.00
# Visual Studio Version 16
VisualStudioVersion = 16.0.35026.282
MinimumVisualStudioVersion = 10.0.40219.1
Project("{FAE04EC0-301F-11D3-BF4B-00C04F79EFBC}") = "cal 10.5", "cal 10.5\cal 10.5.csproj", "{A7456EC4-CCD3-4EE1-85FD-F65439EC3F77}"
EndProject
Global
	GlobalSection(SolutionConfigurationPlatforms) = preSolution
		Debug|Any CPU = Debug|Any CPU
		Release|Any CPU = Release|Any CPU
	EndGlobalSection
	GlobalSection(ProjectConfigurationPlatforms) = postSolution
		{A7456EC4-CCD3-4EE1-85FD-F65439EC3F77}.Debug|Any CPU.ActiveCfg = Debug|Any CPU
		{A7456EC4-CCD3-4EE1-85FD-F65439EC3F77}.Debug|Any CPU.Build.0 = Debug|Any CPU
		{A7456EC4-CCD3-4EE1-85FD-F65439EC3F77}.Release|Any CPU.ActiveCfg = Release|Any CPU
		{A7456EC4-CCD3-4EE1-85FD-F65439EC3F77}.Release|Any CPU.Build.0 = Release|Any CPU
	EndGlobalSection
	GlobalSection(SolutionProperties) = preSolution
		HideSolutionNode = FALSE
	EndGlobalSection
	GlobalSection(ExtensibilityGlobals) = postSolution
		SolutionGuid = {7DF6465A-9DD0-4E21-88D7-406650742AFA}
	EndGlobalSection
EndGlobal
